
Microsoft Visual Studio Solution File, Format Version 12.00
# Visual Studio Version 17
VisualStudioVersion = 17.7.33711.374
MinimumVisualStudioVersion = 10.0.40219.1
Project("{8BC9CEB8-8B4A-11D0-8D11-00A0C91BC942}") = "Explicit object parameters deducing this", "Explicit object parameters deducing this.vcxproj", "{D9035C7F-033C-4C0A-8994-C1A35DF7DFFA}"
EndProject
Global
	GlobalSection(SolutionConfigurationPlatforms) = preSolution
		Debug|x64 = Debug|x64
		Debug|x86 = Debug|x86
		Release|x64 = Release|x64
		Release|x86 = Release|x86
	EndGlobalSection
	GlobalSection(ProjectConfigurationPlatforms) = postSolution
		{D9035C7F-033C-4C0A-8994-C1A35DF7DFFA}.Debug|x64.ActiveCfg = Debug|x64
		{D9035C7F-033C-4C0A-8994-C1A35DF7DFFA}.Debug|x64.Build.0 = Debug|x64
		{D9035C7F-033C-4C0A-8994-C1A35DF7DFFA}.Debug|x86.ActiveCfg = Debug|Win32
		{D9035C7F-033C-4C0A-8994-C1A35DF7DFFA}.Debug|x86.Build.0 = Debug|Win32
		{D9035C7F-033C-4C0A-8994-C1A35DF7DFFA}.Release|x64.ActiveCfg = Release|x64
		{D9035C7F-033C-4C0A-8994-C1A35DF7DFFA}.Release|x64.Build.0 = Release|x64
		{D9035C7F-033C-4C0A-8994-C1A35DF7DFFA}.Release|x86.ActiveCfg = Release|Win32
		{D9035C7F-033C-4C0A-8994-C1A35DF7DFFA}.Release|x86.Build.0 = Release|Win32
	EndGlobalSection
	GlobalSection(SolutionProperties) = preSolution
		HideSolutionNode = FALSE
	EndGlobalSection
	GlobalSection(ExtensibilityGlobals) = postSolution
		SolutionGuid = {93149FE1-BD58-4D56-AB0A-ECF79D878EFA}
	EndGlobalSection
EndGlobal
